# This is a Gradle generated file for dependency locking.
# Manual edits can break the build and are not advised.
# This file is expected to be part of source control.
# To regenerate this file, run: ./gradlew :adapters:ai:dependencies --write-locks
ch.qos.logback:logback-classic:1.5.38=testCompileClasspath,testRuntimeClasspath
ch.qos.logback:logback-core:1.5.38=testCompileClasspath,testRuntimeClasspath
com.anthropic:anthropic-java-core:2.52.0=compileClasspath,runtimeClasspath,testCompileClasspath,testRuntimeClasspath
com.fasterxml.jackson.core:jackson-annotations:2.22=compileClasspath,runtimeClasspath,testCompileClasspath,testRuntimeClasspath
com.fasterxml.jackson.core:jackson-core:2.22.3=compileClasspath,runtimeClasspath,testCompileClasspath,testRuntimeClasspath
com.fasterxml.jackson.core:jackson-databind:2.22.3=compileClasspath,runtimeClasspath,testCompileClasspath,testRuntimeClasspath
com.fasterxml.jackson.datatype:jackson-datatype-jdk8:2.22.3=runtimeClasspath,testRuntimeClasspath
com.fasterxml.jackson.datatype:jackson-datatype-jsr310:2.22.3=runtimeClasspath,testRuntimeClasspath
com.fasterxml.jackson.module:jackson-module-kotlin:2.22.3=runtimeClasspath,testRuntimeClasspath
com.fasterxml.jackson:jackson-bom:2.22.3=compileClasspath,runtimeClasspath,testCompileClasspath,testRuntimeClasspath
com.fasterxml:classmate:1.7.3=compileClasspath,runtimeClasspath,testCompileClasspath,testRuntimeClasspath
com.github.ben-manes.caffeine:caffeine:2.9.3=detekt
com.github.victools:jsonschema-generator:5.0.0=compileClasspath,runtimeClasspath,testCompileClasspath,testRuntimeClasspath
com.github.victools:jsonschema-module-jackson:5.0.0=compileClasspath,runtimeClasspath,testCompileClasspath,testRuntimeClasspath
com.github.victools:jsonschema-module-swagger-2:5.0.0=compileClasspath,runtimeClasspath,testCompileClasspath,testRuntimeClasspath
com.google.errorprone:error_prone_annotations:2.10.0=detekt
com.google.errorprone:error_prone_annotations:2.50.0=compileClasspath,runtimeClasspath,testCompileClasspath,testRuntimeClasspath
com.knuddels:jtokkit:1.1.0=compileClasspath,runtimeClasspath,testCompileClasspath,testRuntimeClasspath
com.openai:openai-java-core:4.49.0=compileClasspath,runtimeClasspath,testCompileClasspath,testRuntimeClasspath
com.standardwebhooks:standardwebhooks:1.1.1=compileClasspath,runtimeClasspath,testCompileClasspath,testRuntimeClasspath
commons-logging:commons-logging:1.3.6=compileClasspath,runtimeClasspath,testCompileClasspath,testRuntimeClasspath
dev.detekt:detekt-api:2.0.0-alpha.6=detekt
dev.detekt:detekt-cli:2.0.0-alpha.6=detekt
dev.detekt:detekt-core:2.0.0-alpha.6=detekt
dev.detekt:detekt-kotlin-analysis-api-standalone:2.0.0-alpha.6=detekt
dev.detekt:detekt-kotlin-analysis-api:2.0.0-alpha.6=detekt
dev.detekt:detekt-metrics:2.0.0-alpha.6=detekt
dev.detekt:detekt-parser:2.0.0-alpha.6=detekt
dev.detekt:detekt-psi-utils:2.0.0-alpha.6=detekt
dev.detekt:detekt-report-checkstyle:2.0.0-alpha.6=detekt
dev.detekt:detekt-report-html:2.0.0-alpha.6=detekt
dev.detekt:detekt-report-markdown:2.0.0-alpha.6=detekt
dev.detekt:detekt-report-sarif:2.0.0-alpha.6=detekt
dev.detekt:detekt-rules-comments:2.0.0-alpha.6=detekt
dev.detekt:detekt-rules-complexity:2.0.0-alpha.6=detekt
dev.detekt:detekt-rules-coroutines:2.0.0-alpha.6=detekt
dev.detekt:detekt-rules-empty-blocks:2.0.0-alpha.6=detekt
dev.detekt:detekt-rules-exceptions:2.0.0-alpha.6=detekt
dev.detekt:detekt-rules-naming:2.0.0-alpha.6=detekt
dev.detekt:detekt-rules-performance:2.0.0-alpha.6=detekt
dev.detekt:detekt-rules-potential-bugs:2.0.0-alpha.6=detekt
dev.detekt:detekt-rules-style:2.0.0-alpha.6=detekt
dev.detekt:detekt-rules:2.0.0-alpha.6=detekt
dev.detekt:detekt-tooling:2.0.0-alpha.6=detekt
dev.detekt:detekt-utils:2.0.0-alpha.6=detekt
dev.drewhamilton.poko:poko-annotations-jvm:0.23.1=detekt
dev.drewhamilton.poko:poko-annotations:0.23.1=detekt
io.github.detekt.sarif4k:sarif4k-jvm:0.6.0=detekt
io.github.detekt.sarif4k:sarif4k:0.6.0=detekt
io.github.java-diff-utils:java-diff-utils:4.16=testRuntimeClasspath
io.kotest:kotest-assertions-core-jvm:6.2.5=testCompileClasspath,testRuntimeClasspath
io.kotest:kotest-assertions-core:6.2.5=testCompileClasspath,testRuntimeClasspath
io.kotest:kotest-assertions-shared-jvm:6.2.5=testCompileClasspath,testRuntimeClasspath
io.kotest:kotest-assertions-shared:6.2.5=testCompileClasspath,testRuntimeClasspath
io.kotest:kotest-common-jvm:6.2.5=testRuntimeClasspath
io.kotest:kotest-common:6.2.5=testRuntimeClasspath
io.micrometer:context-propagation:1.2.1=compileClasspath,runtimeClasspath,testCompileClasspath,testRuntimeClasspath
io.micrometer:micrometer-commons:1.17.1=compileClasspath,runtimeClasspath,testCompileClasspath,testRuntimeClasspath
io.micrometer:micrometer-core:1.17.1=compileClasspath,runtimeClasspath,testCompileClasspath,testRuntimeClasspath
io.micrometer:micrometer-observation:1.17.1=compileClasspath,runtimeClasspath,testCompileClasspath,testRuntimeClasspath
io.mockk:mockk-agent-api-jvm:1.14.11=testCompileClasspath,testRuntimeClasspath
io.mockk:mockk-agent-api:1.14.11=testCompileClasspath,testRuntimeClasspath
io.mockk:mockk-agent-jvm:1.14.11=testCompileClasspath,testRuntimeClasspath
io.mockk:mockk-agent:1.14.11=testCompileClasspath,testRuntimeClasspath
io.mockk:mockk-core-jvm:1.14.11=testCompileClasspath,testRuntimeClasspath
io.mockk:mockk-core:1.14.11=testCompileClasspath,testRuntimeClasspath
io.mockk:mockk-dsl-jvm:1.14.11=testCompileClasspath,testRuntimeClasspath
io.mockk:mockk-dsl:1.14.11=testCompileClasspath,testRuntimeClasspath
io.mockk:mockk-jvm:1.14.11=testCompileClasspath,testRuntimeClasspath
io.mockk:mockk:1.14.11=testCompileClasspath,testRuntimeClasspath
io.projectreactor:reactor-core:3.8.7=compileClasspath,runtimeClasspath,testCompileClasspath,testRuntimeClasspath
io.swagger.core.v3:swagger-annotations-jakarta:2.2.38=compileClasspath,runtimeClasspath,testCompileClasspath,testRuntimeClasspath
io.swagger.core.v3:swagger-annotations:2.2.50=compileClasspath,runtimeClasspath,testCompileClasspath,testRuntimeClasspath
net.bytebuddy:byte-buddy-agent:1.18.11=testCompileClasspath,testRuntimeClasspath
net.bytebuddy:byte-buddy:1.18.11=testCompileClasspath,testRuntimeClasspath
org.antlr:ST4:4.3.4=compileClasspath,runtimeClasspath,testCompileClasspath,testRuntimeClasspath
org.antlr:antlr-runtime:3.5.3=compileClasspath,runtimeClasspath,testCompileClasspath,testRuntimeClasspath
org.antlr:antlr4-runtime:4.13.1=compileClasspath,runtimeClasspath,testCompileClasspath,testRuntimeClasspath
org.apache.httpcomponents.client5:httpclient5:5.6.4=testRuntimeClasspath
org.apache.httpcomponents.core5:httpcore5-h2:5.4.3=testRuntimeClasspath
org.apache.httpcomponents.core5:httpcore5:5.4.3=testRuntimeClasspath
org.apiguardian:apiguardian-api:1.1.2=testCompileClasspath
org.checkerframework:checker-qual:3.19.0=detekt
org.hdrhistogram:HdrHistogram:2.2.2=runtimeClasspath,testRuntimeClasspath
org.jcommander:jcommander:1.85=detekt
org.jetbrains.intellij.deps.kotlinx:kotlinx-coroutines-bom:1.10.2-intellij-1=detekt
org.jetbrains.intellij.deps.kotlinx:kotlinx-coroutines-core-jvm:1.10.2-intellij-1=detekt
org.jetbrains.intellij.deps.kotlinx:kotlinx-coroutines-core:1.10.2-intellij-1=detekt
org.jetbrains.kotlin:kotlin-allopen-compiler-plugin-embeddable:2.4.20=kotlinCompilerPluginClasspathMain,kotlinCompilerPluginClasspathTest
org.jetbrains.kotlin:kotlin-build-tools-api:2.4.0=kotlinAbiValidationCompatClasspath
org.jetbrains.kotlin:kotlin-build-tools-api:2.4.10=detekt
org.jetbrains.kotlin:kotlin-build-tools-api:2.4.20=kotlinBuildToolsApiClasspath,kotlinCompilerClasspath,kotlinKlibCommonizerClasspath
org.jetbrains.kotlin:kotlin-build-tools-compat:2.4.20=kotlinAbiValidationCompatClasspath,kotlinBuildToolsApiClasspath,kotlinCompilerClasspath
org.jetbrains.kotlin:kotlin-build-tools-cri-impl:2.4.0=kotlinAbiValidationCompatClasspath
org.jetbrains.kotlin:kotlin-build-tools-cri-impl:2.4.20=kotlinBuildToolsApiClasspath,kotlinCompilerClasspath
org.jetbrains.kotlin:kotlin-build-tools-impl:2.4.0=kotlinAbiValidationCompatClasspath
org.jetbrains.kotlin:kotlin-build-tools-impl:2.4.20=kotlinBuildToolsApiClasspath,kotlinCompilerClasspath
org.jetbrains.kotlin:kotlin-compiler-embeddable:2.4.0=kotlinAbiValidationCompatClasspath
org.jetbrains.kotlin:kotlin-compiler-embeddable:2.4.20=kotlinBuildToolsApiClasspath,kotlinCompilerClasspath,kotlinKlibCommonizerClasspath
org.jetbrains.kotlin:kotlin-compiler-runner:2.4.0=kotlinAbiValidationCompatClasspath
org.jetbrains.kotlin:kotlin-compiler-runner:2.4.20=kotlinBuildToolsApiClasspath,kotlinCompilerClasspath
org.jetbrains.kotlin:kotlin-compiler:2.4.10=detekt
org.jetbrains.kotlin:kotlin-daemon-client:2.4.0=kotlinAbiValidationCompatClasspath
org.jetbrains.kotlin:kotlin-daemon-client:2.4.20=kotlinBuildToolsApiClasspath,kotlinCompilerClasspath
org.jetbrains.kotlin:kotlin-daemon-embeddable:2.4.0=kotlinAbiValidationCompatClasspath
org.jetbrains.kotlin:kotlin-daemon-embeddable:2.4.20=kotlinBuildToolsApiClasspath,kotlinCompilerClasspath,kotlinKlibCommonizerClasspath
org.jetbrains.kotlin:kotlin-klib-commonizer-embeddable:2.4.20=kotlinKlibCommonizerClasspath
org.jetbrains.kotlin:kotlin-reflect:1.6.10=kotlinAbiValidationCompatClasspath,kotlinBuildToolsApiClasspath,kotlinCompilerClasspath,kotlinKlibCommonizerClasspath
org.jetbrains.kotlin:kotlin-reflect:2.4.10=detekt
org.jetbrains.kotlin:kotlin-reflect:2.4.20=compileClasspath,runtimeClasspath,testCompileClasspath,testRuntimeClasspath
org.jetbrains.kotlin:kotlin-script-runtime:2.4.0=kotlinAbiValidationCompatClasspath
org.jetbrains.kotlin:kotlin-script-runtime:2.4.10=detekt
org.jetbrains.kotlin:kotlin-script-runtime:2.4.20=kotlinBuildToolsApiClasspath,kotlinCompilerClasspath,kotlinCompilerPluginClasspathMain,kotlinCompilerPluginClasspathTest,kotlinKlibCommonizerClasspath
org.jetbrains.kotlin:kotlin-scripting-common:2.4.20=kotlinCompilerPluginClasspathMain,kotlinCompilerPluginClasspathTest
org.jetbrains.kotlin:kotlin-scripting-compiler-embeddable:2.4.20=kotlinCompilerPluginClasspathMain,kotlinCompilerPluginClasspathTest
org.jetbrains.kotlin:kotlin-scripting-compiler-impl-embeddable:2.4.20=kotlinCompilerPluginClasspathMain,kotlinCompilerPluginClasspathTest
org.jetbrains.kotlin:kotlin-scripting-jvm:2.4.20=kotlinCompilerPluginClasspathMain,kotlinCompilerPluginClasspathTest
org.jetbrains.kotlin:kotlin-stdlib-jdk7:2.3.21=compileClasspath,runtimeClasspath,testCompileClasspath,testRuntimeClasspath
org.jetbrains.kotlin:kotlin-stdlib-jdk7:2.4.10=detekt
org.jetbrains.kotlin:kotlin-stdlib-jdk8:2.3.21=compileClasspath,runtimeClasspath,testCompileClasspath,testRuntimeClasspath
org.jetbrains.kotlin:kotlin-stdlib-jdk8:2.4.10=detekt
org.jetbrains.kotlin:kotlin-stdlib:2.4.0=kotlinAbiValidationCompatClasspath
org.jetbrains.kotlin:kotlin-stdlib:2.4.10=detekt
org.jetbrains.kotlin:kotlin-stdlib:2.4.20=compileClasspath,kotlinBuildToolsApiClasspath,kotlinCompilerClasspath,kotlinCompilerPluginClasspathMain,kotlinCompilerPluginClasspathTest,kotlinKlibCommonizerClasspath,runtimeClasspath,testCompileClasspath,testRuntimeClasspath
org.jetbrains.kotlin:kotlin-tooling-core:2.4.20=kotlinAbiValidationCompatClasspath,kotlinBuildToolsApiClasspath,kotlinCompilerClasspath
org.jetbrains.kotlinx:kotlinx-coroutines-bom:1.10.2=testRuntimeClasspath
org.jetbrains.kotlinx:kotlinx-coroutines-bom:1.8.0=detekt
org.jetbrains.kotlinx:kotlinx-coroutines-core-jvm:1.10.2=testRuntimeClasspath
org.jetbrains.kotlinx:kotlinx-coroutines-core-jvm:1.8.0=detekt,kotlinAbiValidationCompatClasspath,kotlinBuildToolsApiClasspath,kotlinCompilerClasspath,kotlinKlibCommonizerClasspath
org.jetbrains.kotlinx:kotlinx-coroutines-core:1.10.2=testRuntimeClasspath
org.jetbrains.kotlinx:kotlinx-coroutines-jdk8:1.10.2=testRuntimeClasspath
org.jetbrains.kotlinx:kotlinx-coroutines-test-jvm:1.10.2=testRuntimeClasspath
org.jetbrains.kotlinx:kotlinx-coroutines-test:1.10.2=testRuntimeClasspath
org.jetbrains.kotlinx:kotlinx-html-jvm:0.12.0=detekt
org.jetbrains.kotlinx:kotlinx-serialization-bom:1.11.0=detekt
org.jetbrains.kotlinx:kotlinx-serialization-core-jvm:1.11.0=detekt
org.jetbrains.kotlinx:kotlinx-serialization-core:1.11.0=detekt
org.jetbrains.kotlinx:kotlinx-serialization-json-jvm:1.11.0=detekt
org.jetbrains.kotlinx:kotlinx-serialization-json:1.11.0=detekt
org.jetbrains:annotations:13.0=compileClasspath,kotlinAbiValidationCompatClasspath,kotlinBuildToolsApiClasspath,kotlinCompilerClasspath,kotlinCompilerPluginClasspathMain,kotlinCompilerPluginClasspathTest,kotlinKlibCommonizerClasspath,runtimeClasspath,testCompileClasspath
org.jetbrains:annotations:23.0.0=detekt,testRuntimeClasspath
org.jspecify:jspecify:1.0.1=compileClasspath,runtimeClasspath,testCompileClasspath,testRuntimeClasspath
org.junit.jupiter:junit-jupiter-api:6.1.3=testCompileClasspath,testRuntimeClasspath
org.junit.jupiter:junit-jupiter-engine:6.1.3=testRuntimeClasspath
org.junit.jupiter:junit-jupiter-params:6.1.3=testCompileClasspath,testRuntimeClasspath
org.junit.jupiter:junit-jupiter:6.1.3=testCompileClasspath,testRuntimeClasspath
org.junit.platform:junit-platform-commons:6.1.3=testCompileClasspath,testRuntimeClasspath
org.junit.platform:junit-platform-engine:6.1.3=testRuntimeClasspath
org.junit.platform:junit-platform-launcher:6.1.3=testRuntimeClasspath
org.junit:junit-bom:6.1.3=testCompileClasspath,testRuntimeClasspath
org.objenesis:objenesis:3.4=testCompileClasspath,testRuntimeClasspath
org.opentest4j:opentest4j:1.3.0=testCompileClasspath,testRuntimeClasspath
org.reactivestreams:reactive-streams:1.0.4=compileClasspath,runtimeClasspath,testCompileClasspath,testRuntimeClasspath
org.slf4j:slf4j-api:2.0.18=compileClasspath,runtimeClasspath,testCompileClasspath,testRuntimeClasspath
org.snakeyaml:snakeyaml-engine:2.10=detekt
org.springframework.ai:spring-ai-anthropic:2.0.1=compileClasspath,runtimeClasspath,testCompileClasspath,testRuntimeClasspath
org.springframework.ai:spring-ai-bom:2.0.1=compileClasspath,runtimeClasspath,testCompileClasspath,testRuntimeClasspath
org.springframework.ai:spring-ai-commons:2.0.1=compileClasspath,runtimeClasspath,testCompileClasspath,testRuntimeClasspath
org.springframework.ai:spring-ai-model:2.0.1=compileClasspath,runtimeClasspath,testCompileClasspath,testRuntimeClasspath
org.springframework.ai:spring-ai-openai:2.0.1=compileClasspath,runtimeClasspath,testCompileClasspath,testRuntimeClasspath
org.springframework.ai:spring-ai-template-st:2.0.1=compileClasspath,runtimeClasspath,testCompileClasspath,testRuntimeClasspath
org.springframework.boot:spring-boot-dependencies:4.1.1=compileClasspath,runtimeClasspath,testCompileClasspath,testRuntimeClasspath
org.springframework:spring-aop:7.0.9=compileClasspath,runtimeClasspath,testCompileClasspath,testRuntimeClasspath
org.springframework:spring-beans:7.0.9=compileClasspath,runtimeClasspath,testCompileClasspath,testRuntimeClasspath
org.springframework:spring-context-support:7.0.9=compileClasspath,runtimeClasspath,testCompileClasspath,testRuntimeClasspath
org.springframework:spring-context:7.0.9=compileClasspath,runtimeClasspath,testCompileClasspath,testRuntimeClasspath
org.springframework:spring-core:7.0.9=compileClasspath,runtimeClasspath,testCompileClasspath,testRuntimeClasspath
org.springframework:spring-expression:7.0.9=compileClasspath,runtimeClasspath,testCompileClasspath,testRuntimeClasspath
org.springframework:spring-messaging:7.0.9=compileClasspath,runtimeClasspath,testCompileClasspath,testRuntimeClasspath
org.wiremock:wiremock-standalone:3.13.2=testCompileClasspath,testRuntimeClasspath
tools.jackson.core:jackson-core:3.1.7=compileClasspath,runtimeClasspath,testCompileClasspath,testRuntimeClasspath
tools.jackson.core:jackson-databind:3.1.7=compileClasspath,runtimeClasspath,testCompileClasspath,testRuntimeClasspath
tools.jackson:jackson-bom:3.1.7=compileClasspath,runtimeClasspath,testCompileClasspath,testRuntimeClasspath
empty=annotationProcessor,detektPlugins,implementationDependenciesMetadata,kotlinCompilerPluginClasspath,kotlinNativeCompilerPluginClasspath,kotlinScriptDefExtensions,testAnnotationProcessor,testImplementationDependenciesMetadata,testKotlinScriptDefExtensions
